
Microsoft Visual Studio Solution File, Format Version 12.00
# Visual Studio 14
VisualStudioVersion = 14.0.23107.0
MinimumVisualStudioVersion = 10.0.40219.1
Project("{FAE04EC0-301F-11D3-BF4B-00C04F79EFBC}") = "CaliburnApp", "CaliburnApp\CaliburnApp.csproj", "{C770D266-1F43-4C01-8CD7-B09D8F31CE19}"
EndProject
Project("{FAE04EC0-301F-11D3-BF4B-00C04F79EFBC}") = "Caliburn.Micro.TestingHelpers", "Caliburn.Micro.TestingHelpers\Caliburn.Micro.TestingHelpers.csproj", "{1F196A5B-F65B-4D5F-B0AF-135B9E256010}"
EndProject
Project("{2150E333-8FDC-42A3-9474-1A3956D46DE8}") = "Solution Items", "Solution Items", "{288EBEC7-DD16-4025-B072-8DD4B8FDC557}"
	ProjectSection(SolutionItems) = preProject
		appveyor.yml = appveyor.yml
		before.Caliburn.Micro.TestingHelpers.sln.targets = before.Caliburn.Micro.TestingHelpers.sln.targets
		empty.targets = empty.targets
		GitVersionConfig.yaml = GitVersionConfig.yaml
		README.md = README.md
		solution.targets = solution.targets
	EndProjectSection
EndProject
Global
	GlobalSection(SolutionConfigurationPlatforms) = preSolution
		Debug|Any CPU = Debug|Any CPU
		Release|Any CPU = Release|Any CPU
	EndGlobalSection
	GlobalSection(ProjectConfigurationPlatforms) = postSolution
		{C770D266-1F43-4C01-8CD7-B09D8F31CE19}.Debug|Any CPU.ActiveCfg = Debug|Any CPU
		{C770D266-1F43-4C01-8CD7-B09D8F31CE19}.Debug|Any CPU.Build.0 = Debug|Any CPU
		{C770D266-1F43-4C01-8CD7-B09D8F31CE19}.Release|Any CPU.ActiveCfg = Release|Any CPU
		{C770D266-1F43-4C01-8CD7-B09D8F31CE19}.Release|Any CPU.Build.0 = Release|Any CPU
		{1F196A5B-F65B-4D5F-B0AF-135B9E256010}.Debug|Any CPU.ActiveCfg = Debug|Any CPU
		{1F196A5B-F65B-4D5F-B0AF-135B9E256010}.Debug|Any CPU.Build.0 = Debug|Any CPU
		{1F196A5B-F65B-4D5F-B0AF-135B9E256010}.Release|Any CPU.ActiveCfg = Release|Any CPU
		{1F196A5B-F65B-4D5F-B0AF-135B9E256010}.Release|Any CPU.Build.0 = Release|Any CPU
	EndGlobalSection
	GlobalSection(SolutionProperties) = preSolution
		HideSolutionNode = FALSE
	EndGlobalSection
EndGlobal
